
Microsoft Visual Studio Solution File, Format Version 12.00
# Visual Studio Version 16
VisualStudioVersion = 16.0.28803.452
MinimumVisualStudioVersion = 10.0.40219.1
Project("{8BC9CEB8-8B4A-11D0-8D11-00A0C91BC942}") = "STASAlab04", "STASAlab04\STASAlab04.vcxproj", "{FF74C911-0150-4208-B81F-423269B20433}"
EndProject
Global
	GlobalSection(SolutionConfigurationPlatforms) = preSolution
		Debug|x64 = Debug|x64
		Debug|x86 = Debug|x86
		Release|x64 = Release|x64
		Release|x86 = Release|x86
	EndGlobalSection
	GlobalSection(ProjectConfigurationPlatforms) = postSolution
		{FF74C911-0150-4208-B81F-423269B20433}.Debug|x64.ActiveCfg = Debug|x64
		{FF74C911-0150-4208-B81F-423269B20433}.Debug|x64.Build.0 = Debug|x64
		{FF74C911-0150-4208-B81F-423269B20433}.Debug|x86.ActiveCfg = Debug|Win32
		{FF74C911-0150-4208-B81F-423269B20433}.Debug|x86.Build.0 = Debug|Win32
		{FF74C911-0150-4208-B81F-423269B20433}.Release|x64.ActiveCfg = Release|x64
		{FF74C911-0150-4208-B81F-423269B20433}.Release|x64.Build.0 = Release|x64
		{FF74C911-0150-4208-B81F-423269B20433}.Release|x86.ActiveCfg = Release|Win32
		{FF74C911-0150-4208-B81F-423269B20433}.Release|x86.Build.0 = Release|Win32
	EndGlobalSection
	GlobalSection(SolutionProperties) = preSolution
		HideSolutionNode = FALSE
	EndGlobalSection
	GlobalSection(ExtensibilityGlobals) = postSolution
		SolutionGuid = {366640CB-4EEA-431B-9759-CD995B15A19F}
	EndGlobalSection
EndGlobal
